
Microsoft Visual Studio Solution File, Format Version 12.00
# Visual Studio Version 17
VisualStudioVersion = 17.14.36915.13 d17.14
MinimumVisualStudioVersion = 10.0.40219.1
Project("{FAE04EC0-301F-11D3-BF4B-00C04F79EFBC}") = "WinInjArk.Client", "WinInjArk.Client\WinInjArk.Client.csproj", "{EB8C7513-5B15-4FC1-8A23-8D17E1D6835A}"
EndProject
Global
	GlobalSection(SolutionConfigurationPlatforms) = preSolution
		Debug|Any CPU = Debug|Any CPU
		Release|Any CPU = Release|Any CPU
	EndGlobalSection
	GlobalSection(ProjectConfigurationPlatforms) = postSolution
		{EB8C7513-5B15-4FC1-8A23-8D17E1D6835A}.Debug|Any CPU.ActiveCfg = Debug|Any CPU
		{EB8C7513-5B15-4FC1-8A23-8D17E1D6835A}.Debug|Any CPU.Build.0 = Debug|Any CPU
		{EB8C7513-5B15-4FC1-8A23-8D17E1D6835A}.Release|Any CPU.ActiveCfg = Release|Any CPU
		{EB8C7513-5B15-4FC1-8A23-8D17E1D6835A}.Release|Any CPU.Build.0 = Release|Any CPU
	EndGlobalSection
	GlobalSection(SolutionProperties) = preSolution
		HideSolutionNode = FALSE
	EndGlobalSection
	GlobalSection(ExtensibilityGlobals) = postSolution
		SolutionGuid = {F55F93D2-CDE8-4F49-9656-38151E12688B}
	EndGlobalSection
EndGlobal
